// !$*UTF8*$!
{
	archiveVersion = 1;
	classes = {
	};
	objectVersion = 46;
	objects = {

/* Begin PBXBuildFile section */
		0DC0025019D97A1B0031B658 /* CardioidBezierCurve.m in Sources */ = {isa = PBXBuildFile; fileRef = 0DC0024F19D97A1B0031B658 /* CardioidBezierCurve.m */; };
		6D452CF319D41565000469AF /* TwoDBallLayer.m in Sources */ = {isa = PBXBuildFile; fileRef = 6D452CF219D41565000469AF /* TwoDBallLayer.m */; };
		6D452CF619D43A06000469AF /* BCurveLayer.m in Sources */ = {isa = PBXBuildFile; fileRef = 6D452CF519D43A06000469AF /* BCurveLayer.m */; };
		6D8A99C019D406FC0027F5CA /* main.m in Sources */ = {isa = PBXBuildFile; fileRef = 6D8A99BF19D406FC0027F5CA /* main.m */; };
		6D8A99C319D406FC0027F5CA /* AppDelegate.m in Sources */ = {isa = PBXBuildFile; fileRef = 6D8A99C219D406FC0027F5CA /* AppDelegate.m */; };
		6D8A99C619D406FC0027F5CA /* ViewController.m in Sources */ = {isa = PBXBuildFile; fileRef = 6D8A99C519D406FC0027F5CA /* ViewController.m */; };
		6D8A99C919D406FC0027F5CA /* Main.storyboard in Resources */ = {isa = PBXBuildFile; fileRef = 6D8A99C719D406FC0027F5CA /* Main.storyboard */; };
		6D8A99CB19D406FC0027F5CA /* Images.xcassets in Resources */ = {isa = PBXBuildFile; fileRef = 6D8A99CA19D406FC0027F5CA /* Images.xcassets */; };
		6D8A99CE19D406FC0027F5CA /* LaunchScreen.xib in Resources */ = {isa = PBXBuildFile; fileRef = 6D8A99CC19D406FC0027F5CA /* LaunchScreen.xib */; };
		6D8A99DA19D406FC0027F5CA /* _DFunTests.m in Sources */ = {isa = PBXBuildFile; fileRef = 6D8A99D919D406FC0027F5CA /* _DFunTests.m */; };
/* End PBXBuildFile section */

/* Begin PBXContainerItemProxy section */
		6D8A99D419D406FC0027F5CA /* PBXContainerItemProxy */ = {
			isa = PBXContainerItemProxy;
			containerPortal = 6D8A99B219D406FC0027F5CA /* Project object */;
			proxyType = 1;
			remoteGlobalIDString = 6D8A99B919D406FC0027F5CA;
			remoteInfo = 3DFun;
		};
/* End PBXContainerItemProxy section */

/* Begin PBXFileReference section */
		0DC0024E19D97A1B0031B658 /* CardioidBezierCurve.h */ = {isa = PBXFileReference; fileEncoding = 4; lastKnownFileType = sourcecode.c.h; path = CardioidBezierCurve.h; sourceTree = "<group>"; };
		0DC0024F19D97A1B0031B658 /* CardioidBezierCurve.m */ = {isa = PBXFileReference; fileEncoding = 4; lastKnownFileType = sourcecode.c.objc; path = CardioidBezierCurve.m; sourceTree = "<group>"; };
		6D452CF119D41565000469AF /* TwoDBallLayer.h */ = {isa = PBXFileReference; fileEncoding = 4; lastKnownFileType = sourcecode.c.h; path = TwoDBallLayer.h; sourceTree = "<group>"; };
		6D452CF219D41565000469AF /* TwoDBallLayer.m */ = {isa = PBXFileReference; fileEncoding = 4; lastKnownFileType = sourcecode.c.objc; path = TwoDBallLayer.m; sourceTree = "<group>"; };
		6D452CF419D43A06000469AF /* BCurveLayer.h */ = {isa = PBXFileReference; fileEncoding = 4; lastKnownFileType = sourcecode.c.h; path = BCurveLayer.h; sourceTree = "<group>"; };
		6D452CF519D43A06000469AF /* BCurveLayer.m */ = {isa = PBXFileReference; fileEncoding = 4; lastKnownFileType = sourcecode.c.objc; path = BCurveLayer.m; sourceTree = "<group>"; };
		6D8A99BA19D406FC0027F5CA /* 3DFun.app */ = {isa = PBXFileReference; explicitFileType = wrapper.application; includeInIndex = 0; path = 3DFun.app; sourceTree = BUILT_PRODUCTS_DIR; };
		6D8A99BE19D406FC0027F5CA /* Info.plist */ = {isa = PBXFileReference; lastKnownFileType = text.plist.xml; path = Info.plist; sourceTree = "<group>"; };
		6D8A99BF19D406FC0027F5CA /* main.m */ = {isa = PBXFileReference; lastKnownFileType = sourcecode.c.objc; path = main.m; sourceTree = "<group>"; };
		6D8A99C119D406FC0027F5CA /* AppDelegate.h */ = {isa = PBXFileReference; lastKnownFileType = sourcecode.c.h; path = AppDelegate.h; sourceTree = "<group>"; };
		6D8A99C219D406FC0027F5CA /* AppDelegate.m */ = {isa = PBXFileReference; lastKnownFileType = sourcecode.c.objc; path = AppDelegate.m; sourceTree = "<group>"; };
		6D8A99C419D406FC0027F5CA /* ViewController.h */ = {isa = PBXFileReference; lastKnownFileType = sourcecode.c.h; path = ViewController.h; sourceTree = "<group>"; };
		6D8A99C519D406FC0027F5CA /* ViewController.m */ = {isa = PBXFileReference; lastKnownFileType = sourcecode.c.objc; path = ViewController.m; sourceTree = "<group>"; };
		6D8A99C819D406FC0027F5CA /* Base */ = {isa = PBXFileReference; lastKnownFileType = file.storyboard; name = Base; path = Base.lproj/Main.storyboard; sourceTree = "<group>"; };
		6D8A99CA19D406FC0027F5CA /* Images.xcassets */ = {isa = PBXFileReference; lastKnownFileType = folder.assetcatalog; path = Images.xcassets; sourceTree = "<group>"; };
		6D8A99CD19D406FC0027F5CA /* Base */ = {isa = PBXFileReference; lastKnownFileType = file.xib; name = Base; path = Base.lproj/LaunchScreen.xib; sourceTree = "<group>"; };
		6D8A99D319D406FC0027F5CA /* 3DFunTests.xctest */ = {isa = PBXFileReference; explicitFileType = wrapper.cfbundle; includeInIndex = 0; path = 3DFunTests.xctest; sourceTree = BUILT_PRODUCTS_DIR; };
		6D8A99D819D406FC0027F5CA /* Info.plist */ = {isa = PBXFileReference; lastKnownFileType = text.plist.xml; path = Info.plist; sourceTree = "<group>"; };
		6D8A99D919D406FC0027F5CA /* _DFunTests.m */ = {isa = PBXFileReference; lastKnownFileType = sourcecode.c.objc; path = _DFunTests.m; sourceTree = "<group>"; };
/* End PBXFileReference section */

/* Begin PBXFrameworksBuildPhase section */
		6D8A99B719D406FC0027F5CA /* Frameworks */ = {
			isa = PBXFrameworksBuildPhase;
			buildActionMask = 2147483647;
			files = (
			);
			runOnlyForDeploymentPostprocessing = 0;
		};
		6D8A99D019D406FC0027F5CA /* Frameworks */ = {
			isa = PBXFrameworksBuildPhase;
			buildActionMask = 2147483647;
			files = (
			);
			runOnlyForDeploymentPostprocessing = 0;
		};
/* End PBXFrameworksBuildPhase section */

/* Begin PBXGroup section */
		6D8A99B119D406FC0027F5CA = {
			isa = PBXGroup;
			children = (
				6D8A99BC19D406FC0027F5CA /* 3DFun */,
				6D8A99D619D406FC0027F5CA /* 3DFunTests */,
				6D8A99BB19D406FC0027F5CA /* Products */,
			);
			sourceTree = "<group>";
		};
		6D8A99BB19D406FC0027F5CA /* Products */ = {
			isa = PBXGroup;
			children = (
				6D8A99BA19D406FC0027F5CA /* 3DFun.app */,
				6D8A99D319D406FC0027F5CA /* 3DFunTests.xctest */,
			);
			name = Products;
			sourceTree = "<group>";
		};
		6D8A99BC19D406FC0027F5CA /* 3DFun */ = {
			isa = PBXGroup;
			children = (
				6D8A99E319D40A330027F5CA /* Layers */,
				6D8A99C119D406FC0027F5CA /* AppDelegate.h */,
				6D8A99C219D406FC0027F5CA /* AppDelegate.m */,
				6D8A99C419D406FC0027F5CA /* ViewController.h */,
				6D8A99C519D406FC0027F5CA /* ViewController.m */,
				6D8A99C719D406FC0027F5CA /* Main.storyboard */,
				6D8A99CA19D406FC0027F5CA /* Images.xcassets */,
				6D8A99CC19D406FC0027F5CA /* LaunchScreen.xib */,
				6D8A99BD19D406FC0027F5CA /* Supporting Files */,
				0DC0024E19D97A1B0031B658 /* CardioidBezierCurve.h */,
				0DC0024F19D97A1B0031B658 /* CardioidBezierCurve.m */,
			);
			path = 3DFun;
			sourceTree = "<group>";
		};
		6D8A99BD19D406FC0027F5CA /* Supporting Files */ = {
			isa = PBXGroup;
			children = (
				6D8A99BE19D406FC0027F5CA /* Info.plist */,
				6D8A99BF19D406FC0027F5CA /* main.m */,
			);
			name = "Supporting Files";
			sourceTree = "<group>";
		};
		6D8A99D619D406FC0027F5CA /* 3DFunTests */ = {
			isa = PBXGroup;
			children = (
				6D8A99D919D406FC0027F5CA /* _DFunTests.m */,
				6D8A99D719D406FC0027F5CA /* Supporting Files */,
			);
			path = 3DFunTests;
			sourceTree = "<group>";
		};
		6D8A99D719D406FC0027F5CA /* Supporting Files */ = {
			isa = PBXGroup;
			children = (
				6D8A99D819D406FC0027F5CA /* Info.plist */,
			);
			name = "Supporting Files";
			sourceTree = "<group>";
		};
		6D8A99E319D40A330027F5CA /* Layers */ = {
			isa = PBXGroup;
			children = (
				6D452CF119D41565000469AF /* TwoDBallLayer.h */,
				6D452CF219D41565000469AF /* TwoDBallLayer.m */,
				6D452CF419D43A06000469AF /* BCurveLayer.h */,
				6D452CF519D43A06000469AF /* BCurveLayer.m */,
			);
			name = Layers;
			sourceTree = "<group>";
		};
/* End PBXGroup section */

/* Begin PBXNativeTarget section */
		6D8A99B919D406FC0027F5CA /* 3DFun */ = {
			isa = PBXNativeTarget;
			buildConfigurationList = 6D8A99DD19D406FC0027F5CA /* Build configuration list for PBXNativeTarget "3DFun" */;
			buildPhases = (
				6D8A99B619D406FC0027F5CA /* Sources */,
				6D8A99B719D406FC0027F5CA /* Frameworks */,
				6D8A99B819D406FC0027F5CA /* Resources */,
			);
			buildRules = (
			);
			dependencies = (
			);
			name = 3DFun;
			productName = 3DFun;
			productReference = 6D8A99BA19D406FC0027F5CA /* 3DFun.app */;
			productType = "com.apple.product-type.application";
		};
		6D8A99D219D406FC0027F5CA /* 3DFunTests */ = {
			isa = PBXNativeTarget;
			buildConfigurationList = 6D8A99E019D406FC0027F5CA /* Build configuration list for PBXNativeTarget "3DFunTests" */;
			buildPhases = (
				6D8A99CF19D406FC0027F5CA /* Sources */,
				6D8A99D019D406FC0027F5CA /* Frameworks */,
				6D8A99D119D406FC0027F5CA /* Resources */,
			);
			buildRules = (
			);
			dependencies = (
				6D8A99D519D406FC0027F5CA /* PBXTargetDependency */,
			);
			name = 3DFunTests;
			productName = 3DFunTests;
			productReference = 6D8A99D319D406FC0027F5CA /* 3DFunTests.xctest */;
			productType = "com.apple.product-type.bundle.unit-test";
		};
/* End PBXNativeTarget section */

/* Begin PBXProject section */
		6D8A99B219D406FC0027F5CA /* Project object */ = {
			isa = PBXProject;
			attributes = {
				LastUpgradeCheck = 0600;
				ORGANIZATIONNAME = HuangBing;
				TargetAttributes = {
					6D8A99B919D406FC0027F5CA = {
						CreatedOnToolsVersion = 6.0.1;
					};
					6D8A99D219D406FC0027F5CA = {
						CreatedOnToolsVersion = 6.0.1;
						TestTargetID = 6D8A99B919D406FC0027F5CA;
					};
				};
			};
			buildConfigurationList = 6D8A99B519D406FC0027F5CA /* Build configuration list for PBXProject "3DFun" */;
			compatibilityVersion = "Xcode 3.2";
			developmentRegion = English;
			hasScannedForEncodings = 0;
			knownRegions = (
				en,
				Base,
			);
			mainGroup = 6D8A99B119D406FC0027F5CA;
			productRefGroup = 6D8A99BB19D406FC0027F5CA /* Products */;
			projectDirPath = "";
			projectRoot = "";
			targets = (
				6D8A99B919D406FC0027F5CA /* 3DFun */,
				6D8A99D219D406FC0027F5CA /* 3DFunTests */,
			);
		};
/* End PBXProject section */

/* Begin PBXResourcesBuildPhase section */
		6D8A99B819D406FC0027F5CA /* Resources */ = {
			isa = PBXResourcesBuildPhase;
			buildActionMask = 2147483647;
			files = (
				6D8A99C919D406FC0027F5CA /* Main.storyboard in Resources */,
				6D8A99CE19D406FC0027F5CA /* LaunchScreen.xib in Resources */,
				6D8A99CB19D406FC0027F5CA /* Images.xcassets in Resources */,
			);
			runOnlyForDeploymentPostprocessing = 0;
		};
		6D8A99D119D406FC0027F5CA /* Resources */ = {
			isa = PBXResourcesBuildPhase;
			buildActionMask = 2147483647;
			files = (
			);
			runOnlyForDeploymentPostprocessing = 0;
		};
/* End PBXResourcesBuildPhase section */

/* Begin PBXSourcesBuildPhase section */
		6D8A99B619D406FC0027F5CA /* Sources */ = {
			isa = PBXSourcesBuildPhase;
			buildActionMask = 2147483647;
			files = (
				6D452CF319D41565000469AF /* TwoDBallLayer.m in Sources */,
				6D8A99C619D406FC0027F5CA /* ViewController.m in Sources */,
				6D452CF619D43A06000469AF /* BCurveLayer.m in Sources */,
				6D8A99C319D406FC0027F5CA /* AppDelegate.m in Sources */,
				6D8A99C019D406FC0027F5CA /* main.m in Sources */,
				0DC0025019D97A1B0031B658 /* CardioidBezierCurve.m in Sources */,
			);
			runOnlyForDeploymentPostprocessing = 0;
		};
		6D8A99CF19D406FC0027F5CA /* Sources */ = {
			isa = PBXSourcesBuildPhase;
			buildActionMask = 2147483647;
			files = (
				6D8A99DA19D406FC0027F5CA /* _DFunTests.m in Sources */,
			);
			runOnlyForDeploymentPostprocessing = 0;
		};
/* End PBXSourcesBuildPhase section */

/* Begin PBXTargetDependency section */
		6D8A99D519D406FC0027F5CA /* PBXTargetDependency */ = {
			isa = PBXTargetDependency;
			target = 6D8A99B919D406FC0027F5CA /* 3DFun */;
			targetProxy = 6D8A99D419D406FC0027F5CA /* PBXContainerItemProxy */;
		};
/* End PBXTargetDependency section */

/* Begin PBXVariantGroup section */
		6D8A99C719D406FC0027F5CA /* Main.storyboard */ = {
			isa = PBXVariantGroup;
			children = (
				6D8A99C819D406FC0027F5CA /* Base */,
			);
			name = Main.storyboard;
			sourceTree = "<group>";
		};
		6D8A99CC19D406FC0027F5CA /* LaunchScreen.xib */ = {
			isa = PBXVariantGroup;
			children = (
				6D8A99CD19D406FC0027F5CA /* Base */,
			);
			name = LaunchScreen.xib;
			sourceTree = "<group>";
		};
/* End PBXVariantGroup section */

/* Begin XCBuildConfiguration section */
		6D8A99DB19D406FC0027F5CA /* Debug */ = {
			isa = XCBuildConfiguration;
			buildSettings = {
				ALWAYS_SEARCH_USER_PATHS = NO;
				CLANG_CXX_LANGUAGE_STANDARD = "gnu++0x";
				CLANG_CXX_LIBRARY = "libc++";
				CLANG_ENABLE_MODULES = YES;
				CLANG_ENABLE_OBJC_ARC = YES;
				CLANG_WARN_BOOL_CONVERSION = YES;
				CLANG_WARN_CONSTANT_CONVERSION = YES;
				CLANG_WARN_DIRECT_OBJC_ISA_USAGE = YES_ERROR;
				CLANG_WARN_EMPTY_BODY = YES;
				CLANG_WARN_ENUM_CONVERSION = YES;
				CLANG_WARN_INT_CONVERSION = YES;
				CLANG_WARN_OBJC_ROOT_CLASS = YES_ERROR;
				CLANG_WARN_UNREACHABLE_CODE = YES;
				CLANG_WARN__DUPLICATE_METHOD_MATCH = YES;
				"CODE_SIGN_IDENTITY[sdk=iphoneos*]" = "iPhone Developer";
				COPY_PHASE_STRIP = NO;
				ENABLE_STRICT_OBJC_MSGSEND = YES;
				GCC_C_LANGUAGE_STANDARD = gnu99;
				GCC_DYNAMIC_NO_PIC = NO;
				GCC_OPTIMIZATION_LEVEL = 0;
				GCC_PREPROCESSOR_DEFINITIONS = (
					"DEBUG=1",
					"$(inherited)",
				);
				GCC_SYMBOLS_PRIVATE_EXTERN = NO;
				GCC_WARN_64_TO_32_BIT_CONVERSION = YES;
				GCC_WARN_ABOUT_RETURN_TYPE = YES_ERROR;
				GCC_WARN_UNDECLARED_SELECTOR = YES;
				GCC_WARN_UNINITIALIZED_AUTOS = YES_AGGRESSIVE;
				GCC_WARN_UNUSED_FUNCTION = YES;
				GCC_WARN_UNUSED_VARIABLE = YES;
				IPHONEOS_DEPLOYMENT_TARGET = 8.0;
				MTL_ENABLE_DEBUG_INFO = YES;
				ONLY_ACTIVE_ARCH = YES;
				SDKROOT = iphoneos;
			};
			name = Debug;
		};
		6D8A99DC19D406FC0027F5CA /* Release */ = {
			isa = XCBuildConfiguration;
			buildSettings = {
				ALWAYS_SEARCH_USER_PATHS = NO;
				CLANG_CXX_LANGUAGE_STANDARD = "gnu++0x";
				CLANG_CXX_LIBRARY = "libc++";
				CLANG_ENABLE_MODULES = YES;
				CLANG_ENABLE_OBJC_ARC = YES;
				CLANG_WARN_BOOL_CONVERSION = YES;
				CLANG_WARN_CONSTANT_CONVERSION = YES;
				CLANG_WARN_DIRECT_OBJC_ISA_USAGE = YES_ERROR;
				CLANG_WARN_EMPTY_BODY = YES;
				CLANG_WARN_ENUM_CONVERSION = YES;
				CLANG_WARN_INT_CONVERSION = YES;
				CLANG_WARN_OBJC_ROOT_CLASS = YES_ERROR;
				CLANG_WARN_UNREACHABLE_CODE = YES;
				CLANG_WARN__DUPLICATE_METHOD_MATCH = YES;
				"CODE_SIGN_IDENTITY[sdk=iphoneos*]" = "iPhone Developer";
				COPY_PHASE_STRIP = YES;
				ENABLE_NS_ASSERTIONS = NO;
				ENABLE_STRICT_OBJC_MSGSEND = YES;
				GCC_C_LANGUAGE_STANDARD = gnu99;
				GCC_WARN_64_TO_32_BIT_CONVERSION = YES;
				GCC_WARN_ABOUT_RETURN_TYPE = YES_ERROR;
				GCC_WARN_UNDECLARED_SELECTOR = YES;
				GCC_WARN_UNINITIALIZED_AUTOS = YES_AGGRESSIVE;
				GCC_WARN_UNUSED_FUNCTION = YES;
				GCC_WARN_UNUSED_VARIABLE = YES;
				IPHONEOS_DEPLOYMENT_TARGET = 8.0;
				MTL_ENABLE_DEBUG_INFO = NO;
				SDKROOT = iphoneos;
				VALIDATE_PRODUCT = YES;
			};
			name = Release;
		};
		6D8A99DE19D406FC0027F5CA /* Debug */ = {
			isa = XCBuildConfiguration;
			buildSettings = {
				ASSETCATALOG_COMPILER_APPICON_NAME = AppIcon;
				INFOPLIST_FILE = 3DFun/Info.plist;
				IPHONEOS_DEPLOYMENT_TARGET = 6.0;
				LD_RUNPATH_SEARCH_PATHS = "$(inherited) @executable_path/Frameworks";
				PRODUCT_NAME = "$(TARGET_NAME)";
				TARGETED_DEVICE_FAMILY = 2;
			};
			name = Debug;
		};
		6D8A99DF19D406FC0027F5CA /* Release */ = {
			isa = XCBuildConfiguration;
			buildSettings = {
				ASSETCATALOG_COMPILER_APPICON_NAME = AppIcon;
				INFOPLIST_FILE = 3DFun/Info.plist;
				IPHONEOS_DEPLOYMENT_TARGET = 6.0;
				LD_RUNPATH_SEARCH_PATHS = "$(inherited) @executable_path/Frameworks";
				PRODUCT_NAME = "$(TARGET_NAME)";
				TARGETED_DEVICE_FAMILY = 2;
			};
			name = Release;
		};
		6D8A99E119D406FC0027F5CA /* Debug */ = {
			isa = XCBuildConfiguration;
			buildSettings = {
				BUNDLE_LOADER = "$(TEST_HOST)";
				FRAMEWORK_SEARCH_PATHS = (
					"$(SDKROOT)/Developer/Library/Frameworks",
					"$(inherited)",
				);
				GCC_PREPROCESSOR_DEFINITIONS = (
					"DEBUG=1",
					"$(inherited)",
				);
				INFOPLIST_FILE = 3DFunTests/Info.plist;
				IPHONEOS_DEPLOYMENT_TARGET = 7.0;
				LD_RUNPATH_SEARCH_PATHS = "$(inherited) @executable_path/Frameworks @loader_path/Frameworks";
				PRODUCT_NAME = "$(TARGET_NAME)";
				TEST_HOST = "$(BUILT_PRODUCTS_DIR)/3DFun.app/3DFun";
			};
			name = Debug;
		};
		6D8A99E219D406FC0027F5CA /* Release */ = {
			isa = XCBuildConfiguration;
			buildSettings = {
				BUNDLE_LOADER = "$(TEST_HOST)";
				FRAMEWORK_SEARCH_PATHS = (
					"$(SDKROOT)/Developer/Library/Frameworks",
					"$(inherited)",
				);
				INFOPLIST_FILE = 3DFunTests/Info.plist;
				IPHONEOS_DEPLOYMENT_TARGET = 7.0;
				LD_RUNPATH_SEARCH_PATHS = "$(inherited) @executable_path/Frameworks @loader_path/Frameworks";
				PRODUCT_NAME = "$(TARGET_NAME)";
				TEST_HOST = "$(BUILT_PRODUCTS_DIR)/3DFun.app/3DFun";
			};
			name = Release;
		};
/* End XCBuildConfiguration section */

/* Begin XCConfigurationList section */
		6D8A99B519D406FC0027F5CA /* Build configuration list for PBXProject "3DFun" */ = {
			isa = XCConfigurationList;
			buildConfigurations = (
				6D8A99DB19D406FC0027F5CA /* Debug */,
				6D8A99DC19D406FC0027F5CA /* Release */,
			);
			defaultConfigurationIsVisible = 0;
			defaultConfigurationName = Release;
		};
		6D8A99DD19D406FC0027F5CA /* Build configuration list for PBXNativeTarget "3DFun" */ = {
			isa = XCConfigurationList;
			buildConfigurations = (
				6D8A99DE19D406FC0027F5CA /* Debug */,
				6D8A99DF19D406FC0027F5CA /* Release */,
			);
			defaultConfigurationIsVisible = 0;
			defaultConfigurationName = Release;
		};
		6D8A99E019D406FC0027F5CA /* Build configuration list for PBXNativeTarget "3DFunTests" */ = {
			isa = XCConfigurationList;
			buildConfigurations = (
				6D8A99E119D406FC0027F5CA /* Debug */,
				6D8A99E219D406FC0027F5CA /* Release */,
			);
			defaultConfigurationIsVisible = 0;
			defaultConfigurationName = Release;
		};
/* End XCConfigurationList section */
	};
	rootObject = 6D8A99B219D406FC0027F5CA /* Project object */;
}
